
Microsoft Visual Studio Solution File, Format Version 12.00
# Visual Studio 15
VisualStudioVersion = 15.0.27130.2027
MinimumVisualStudioVersion = 10.0.40219.1
Project("{FAE04EC0-301F-11D3-BF4B-00C04F79EFBC}") = "Chat.Android", "Chat\Chat.Android\Chat.Android.csproj", "{37855DFD-6F4E-4F90-9E06-F09DE4599A82}"
EndProject
Project("{FAE04EC0-301F-11D3-BF4B-00C04F79EFBC}") = "Chat.iOS", "Chat\Chat.iOS\Chat.iOS.csproj", "{0EDC1ED9-2DC8-4390-8B5B-6C6B0C106872}"
EndProject
Project("{9A19103F-16F7-4668-BE54-9A1E7A4F7556}") = "Chat", "Chat\Chat\Chat.csproj", "{6D9A688B-A946-45CA-99D5-2FB0738CCAB5}"
EndProject
Global
	GlobalSection(SolutionConfigurationPlatforms) = preSolution
		Ad-Hoc|Any CPU = Ad-Hoc|Any CPU
		Ad-Hoc|iPhone = Ad-Hoc|iPhone
		Ad-Hoc|iPhoneSimulator = Ad-Hoc|iPhoneSimulator
		AppStore|Any CPU = AppStore|Any CPU
		AppStore|iPhone = AppStore|iPhone
		AppStore|iPhoneSimulator = AppStore|iPhoneSimulator
		Debug|Any CPU = Debug|Any CPU
		Debug|iPhone = Debug|iPhone
		Debug|iPhoneSimulator = Debug|iPhoneSimulator
		Release|Any CPU = Release|Any CPU
		Release|iPhone = Release|iPhone
		Release|iPhoneSimulator = Release|iPhoneSimulator
	EndGlobalSection
	GlobalSection(ProjectConfigurationPlatforms) = postSolution
		{37855DFD-6F4E-4F90-9E06-F09DE4599A82}.Ad-Hoc|Any CPU.ActiveCfg = Release|Any CPU
		{37855DFD-6F4E-4F90-9E06-F09DE4599A82}.Ad-Hoc|Any CPU.Build.0 = Release|Any CPU
		{37855DFD-6F4E-4F90-9E06-F09DE4599A82}.Ad-Hoc|Any CPU.Deploy.0 = Release|Any CPU
		{37855DFD-6F4E-4F90-9E06-F09DE4599A82}.Ad-Hoc|iPhone.ActiveCfg = Release|Any CPU
		{37855DFD-6F4E-4F90-9E06-F09DE4599A82}.Ad-Hoc|iPhone.Build.0 = Release|Any CPU
		{37855DFD-6F4E-4F90-9E06-F09DE4599A82}.Ad-Hoc|iPhone.Deploy.0 = Release|Any CPU
		{37855DFD-6F4E-4F90-9E06-F09DE4599A82}.Ad-Hoc|iPhoneSimulator.ActiveCfg = Release|Any CPU
		{37855DFD-6F4E-4F90-9E06-F09DE4599A82}.Ad-Hoc|iPhoneSimulator.Build.0 = Release|Any CPU
		{37855DFD-6F4E-4F90-9E06-F09DE4599A82}.Ad-Hoc|iPhoneSimulator.Deploy.0 = Release|Any CPU
		{37855DFD-6F4E-4F90-9E06-F09DE4599A82}.AppStore|Any CPU.ActiveCfg = Release|Any CPU
		{37855DFD-6F4E-4F90-9E06-F09DE4599A82}.AppStore|Any CPU.Build.0 = Release|Any CPU
		{37855DFD-6F4E-4F90-9E06-F09DE4599A82}.AppStore|Any CPU.Deploy.0 = Release|Any CPU
		{37855DFD-6F4E-4F90-9E06-F09DE4599A82}.AppStore|iPhone.ActiveCfg = Release|Any CPU
		{37855DFD-6F4E-4F90-9E06-F09DE4599A82}.AppStore|iPhone.Build.0 = Release|Any CPU
		{37855DFD-6F4E-4F90-9E06-F09DE4599A82}.AppStore|iPhone.Deploy.0 = Release|Any CPU
		{37855DFD-6F4E-4F90-9E06-F09DE4599A82}.AppStore|iPhoneSimulator.ActiveCfg = Release|Any CPU
		{37855DFD-6F4E-4F90-9E06-F09DE4599A82}.AppStore|iPhoneSimulator.Build.0 = Release|Any CPU
		{37855DFD-6F4E-4F90-9E06-F09DE4599A82}.AppStore|iPhoneSimulator.Deploy.0 = Release|Any CPU
		{37855DFD-6F4E-4F90-9E06-F09DE4599A82}.Debug|Any CPU.ActiveCfg = Debug|Any CPU
		{37855DFD-6F4E-4F90-9E06-F09DE4599A82}.Debug|Any CPU.Build.0 = Debug|Any CPU
		{37855DFD-6F4E-4F90-9E06-F09DE4599A82}.Debug|Any CPU.Deploy.0 = Debug|Any CPU
		{37855DFD-6F4E-4F90-9E06-F09DE4599A82}.Debug|iPhone.ActiveCfg = Debug|Any CPU
		{37855DFD-6F4E-4F90-9E06-F09DE4599A82}.Debug|iPhone.Build.0 = Debug|Any CPU
		{37855DFD-6F4E-4F90-9E06-F09DE4599A82}.Debug|iPhone.Deploy.0 = Debug|Any CPU
		{37855DFD-6F4E-4F90-9E06-F09DE4599A82}.Debug|iPhoneSimulator.ActiveCfg = Debug|Any CPU
		{37855DFD-6F4E-4F90-9E06-F09DE4599A82}.Debug|iPhoneSimulator.Build.0 = Debug|Any CPU
		{37855DFD-6F4E-4F90-9E06-F09DE4599A82}.Debug|iPhoneSimulator.Deploy.0 = Debug|Any CPU
		{37855DFD-6F4E-4F90-9E06-F09DE4599A82}.Release|Any CPU.ActiveCfg = Release|Any CPU
		{37855DFD-6F4E-4F90-9E06-F09DE4599A82}.Release|Any CPU.Build.0 = Release|Any CPU
		{37855DFD-6F4E-4F90-9E06-F09DE4599A82}.Release|Any CPU.Deploy.0 = Release|Any CPU
		{37855DFD-6F4E-4F90-9E06-F09DE4599A82}.Release|iPhone.ActiveCfg = Release|Any CPU
		{37855DFD-6F4E-4F90-9E06-F09DE4599A82}.Release|iPhone.Build.0 = Release|Any CPU
		{37855DFD-6F4E-4F90-9E06-F09DE4599A82}.Release|iPhone.Deploy.0 = Release|Any CPU
		{37855DFD-6F4E-4F90-9E06-F09DE4599A82}.Release|iPhoneSimulator.ActiveCfg = Release|Any CPU
		{37855DFD-6F4E-4F90-9E06-F09DE4599A82}.Release|iPhoneSimulator.Build.0 = Release|Any CPU
		{37855DFD-6F4E-4F90-9E06-F09DE4599A82}.Release|iPhoneSimulator.Deploy.0 = Release|Any CPU
		{0EDC1ED9-2DC8-4390-8B5B-6C6B0C106872}.Ad-Hoc|Any CPU.ActiveCfg = Ad-Hoc|iPhone
		{0EDC1ED9-2DC8-4390-8B5B-6C6B0C106872}.Ad-Hoc|iPhone.ActiveCfg = Ad-Hoc|iPhone
		{0EDC1ED9-2DC8-4390-8B5B-6C6B0C106872}.Ad-Hoc|iPhone.Build.0 = Ad-Hoc|iPhone
		{0EDC1ED9-2DC8-4390-8B5B-6C6B0C106872}.Ad-Hoc|iPhoneSimulator.ActiveCfg = Ad-Hoc|iPhoneSimulator
		{0EDC1ED9-2DC8-4390-8B5B-6C6B0C106872}.Ad-Hoc|iPhoneSimulator.Build.0 = Ad-Hoc|iPhoneSimulator
		{0EDC1ED9-2DC8-4390-8B5B-6C6B0C106872}.AppStore|Any CPU.ActiveCfg = AppStore|iPhone
		{0EDC1ED9-2DC8-4390-8B5B-6C6B0C106872}.AppStore|iPhone.ActiveCfg = AppStore|iPhone
		{0EDC1ED9-2DC8-4390-8B5B-6C6B0C106872}.AppStore|iPhone.Build.0 = AppStore|iPhone
		{0EDC1ED9-2DC8-4390-8B5B-6C6B0C106872}.AppStore|iPhoneSimulator.ActiveCfg = AppStore|iPhoneSimulator
		{0EDC1ED9-2DC8-4390-8B5B-6C6B0C106872}.AppStore|iPhoneSimulator.Build.0 = AppStore|iPhoneSimulator
		{0EDC1ED9-2DC8-4390-8B5B-6C6B0C106872}.Debug|Any CPU.ActiveCfg = Debug|iPhone
		{0EDC1ED9-2DC8-4390-8B5B-6C6B0C106872}.Debug|iPhone.ActiveCfg = Debug|iPhone
		{0EDC1ED9-2DC8-4390-8B5B-6C6B0C106872}.Debug|iPhone.Build.0 = Debug|iPhone
		{0EDC1ED9-2DC8-4390-8B5B-6C6B0C106872}.Debug|iPhoneSimulator.ActiveCfg = Debug|iPhoneSimulator
		{0EDC1ED9-2DC8-4390-8B5B-6C6B0C106872}.Debug|iPhoneSimulator.Build.0 = Debug|iPhoneSimulator
		{0EDC1ED9-2DC8-4390-8B5B-6C6B0C106872}.Release|Any CPU.ActiveCfg = Release|iPhone
		{0EDC1ED9-2DC8-4390-8B5B-6C6B0C106872}.Release|iPhone.ActiveCfg = Release|iPhone
		{0EDC1ED9-2DC8-4390-8B5B-6C6B0C106872}.Release|iPhone.Build.0 = Release|iPhone
		{0EDC1ED9-2DC8-4390-8B5B-6C6B0C106872}.Release|iPhoneSimulator.ActiveCfg = Release|iPhoneSimulator
		{0EDC1ED9-2DC8-4390-8B5B-6C6B0C106872}.Release|iPhoneSimulator.Build.0 = Release|iPhoneSimulator
		{6D9A688B-A946-45CA-99D5-2FB0738CCAB5}.Ad-Hoc|Any CPU.ActiveCfg = Debug|Any CPU
		{6D9A688B-A946-45CA-99D5-2FB0738CCAB5}.Ad-Hoc|Any CPU.Build.0 = Debug|Any CPU
		{6D9A688B-A946-45CA-99D5-2FB0738CCAB5}.Ad-Hoc|iPhone.ActiveCfg = Debug|Any CPU
		{6D9A688B-A946-45CA-99D5-2FB0738CCAB5}.Ad-Hoc|iPhone.Build.0 = Debug|Any CPU
		{6D9A688B-A946-45CA-99D5-2FB0738CCAB5}.Ad-Hoc|iPhoneSimulator.ActiveCfg = Debug|Any CPU
		{6D9A688B-A946-45CA-99D5-2FB0738CCAB5}.Ad-Hoc|iPhoneSimulator.Build.0 = Debug|Any CPU
		{6D9A688B-A946-45CA-99D5-2FB0738CCAB5}.AppStore|Any CPU.ActiveCfg = Debug|Any CPU
		{6D9A688B-A946-45CA-99D5-2FB0738CCAB5}.AppStore|Any CPU.Build.0 = Debug|Any CPU
		{6D9A688B-A946-45CA-99D5-2FB0738CCAB5}.AppStore|iPhone.ActiveCfg = Debug|Any CPU
		{6D9A688B-A946-45CA-99D5-2FB0738CCAB5}.AppStore|iPhone.Build.0 = Debug|Any CPU
		{6D9A688B-A946-45CA-99D5-2FB0738CCAB5}.AppStore|iPhoneSimulator.ActiveCfg = Debug|Any CPU
		{6D9A688B-A946-45CA-99D5-2FB0738CCAB5}.AppStore|iPhoneSimulator.Build.0 = Debug|Any CPU
		{6D9A688B-A946-45CA-99D5-2FB0738CCAB5}.Debug|Any CPU.ActiveCfg = Debug|Any CPU
		{6D9A688B-A946-45CA-99D5-2FB0738CCAB5}.Debug|Any CPU.Build.0 = Debug|Any CPU
		{6D9A688B-A946-45CA-99D5-2FB0738CCAB5}.Debug|iPhone.ActiveCfg = Debug|Any CPU
		{6D9A688B-A946-45CA-99D5-2FB0738CCAB5}.Debug|iPhone.Build.0 = Debug|Any CPU
		{6D9A688B-A946-45CA-99D5-2FB0738CCAB5}.Debug|iPhoneSimulator.ActiveCfg = Debug|Any CPU
		{6D9A688B-A946-45CA-99D5-2FB0738CCAB5}.Debug|iPhoneSimulator.Build.0 = Debug|Any CPU
		{6D9A688B-A946-45CA-99D5-2FB0738CCAB5}.Release|Any CPU.ActiveCfg = Release|Any CPU
		{6D9A688B-A946-45CA-99D5-2FB0738CCAB5}.Release|Any CPU.Build.0 = Release|Any CPU
		{6D9A688B-A946-45CA-99D5-2FB0738CCAB5}.Release|iPhone.ActiveCfg = Release|Any CPU
		{6D9A688B-A946-45CA-99D5-2FB0738CCAB5}.Release|iPhone.Build.0 = Release|Any CPU
		{6D9A688B-A946-45CA-99D5-2FB0738CCAB5}.Release|iPhoneSimulator.ActiveCfg = Release|Any CPU
		{6D9A688B-A946-45CA-99D5-2FB0738CCAB5}.Release|iPhoneSimulator.Build.0 = Release|Any CPU
	EndGlobalSection
	GlobalSection(SolutionProperties) = preSolution
		HideSolutionNode = FALSE
	EndGlobalSection
	GlobalSection(ExtensibilityGlobals) = postSolution
		SolutionGuid = {C0D752A4-1BD5-4314-8FAA-C5C1D7D638C8}
	EndGlobalSection
EndGlobal
